{
  "name": "amacleay-tossit-refactored-giggle-bundler",
  "version": "1.0.0",
  "lockfileVersion": 1,
  "requires": true,
  "dependencies": {
    "amacleay-throwitaway-refactored-giggle": {
      "version": "git+ssh://git@github.com/amacleay/amacleay-throwitaway-refactored-giggle.git#9b780870498d45eec6b9f3cb24650626a2b98f53"
    }
  }
}
